
Microsoft Visual Studio Solution File, Format Version 12.00
# Visual Studio Version 17
VisualStudioVersion = 17.4.33205.214
MinimumVisualStudioVersion = 10.0.40219.1
Project("{FAE04EC0-301F-11D3-BF4B-00C04F79EFBC}") = "sql_valkrusman.Android", "sql_valkrusman.Android\sql_valkrusman.Android.csproj", "{5266A052-8096-4423-8656-7D9FD85F312A}"
EndProject
Project("{FAE04EC0-301F-11D3-BF4B-00C04F79EFBC}") = "sql_valkrusman", "sql_valkrusman\sql_valkrusman.csproj", "{D1716523-C12A-4E04-8CC9-192A9A5FBBE9}"
EndProject
Global
	GlobalSection(SolutionConfigurationPlatforms) = preSolution
		Debug|Any CPU = Debug|Any CPU
		Release|Any CPU = Release|Any CPU
	EndGlobalSection
	GlobalSection(ProjectConfigurationPlatforms) = postSolution
		{5266A052-8096-4423-8656-7D9FD85F312A}.Debug|Any CPU.ActiveCfg = Debug|Any CPU
		{5266A052-8096-4423-8656-7D9FD85F312A}.Debug|Any CPU.Build.0 = Debug|Any CPU
		{5266A052-8096-4423-8656-7D9FD85F312A}.Debug|Any CPU.Deploy.0 = Debug|Any CPU
		{5266A052-8096-4423-8656-7D9FD85F312A}.Release|Any CPU.ActiveCfg = Release|Any CPU
		{5266A052-8096-4423-8656-7D9FD85F312A}.Release|Any CPU.Build.0 = Release|Any CPU
		{5266A052-8096-4423-8656-7D9FD85F312A}.Release|Any CPU.Deploy.0 = Release|Any CPU
		{D1716523-C12A-4E04-8CC9-192A9A5FBBE9}.Debug|Any CPU.ActiveCfg = Debug|Any CPU
		{D1716523-C12A-4E04-8CC9-192A9A5FBBE9}.Debug|Any CPU.Build.0 = Debug|Any CPU
		{D1716523-C12A-4E04-8CC9-192A9A5FBBE9}.Debug|Any CPU.Deploy.0 = Debug|Any CPU
		{D1716523-C12A-4E04-8CC9-192A9A5FBBE9}.Release|Any CPU.ActiveCfg = Release|Any CPU
		{D1716523-C12A-4E04-8CC9-192A9A5FBBE9}.Release|Any CPU.Build.0 = Release|Any CPU
		{D1716523-C12A-4E04-8CC9-192A9A5FBBE9}.Release|Any CPU.Deploy.0 = Release|Any CPU
	EndGlobalSection
	GlobalSection(SolutionProperties) = preSolution
		HideSolutionNode = FALSE
	EndGlobalSection
	GlobalSection(ExtensibilityGlobals) = postSolution
		SolutionGuid = {7EC7D819-3A9B-424F-B608-393F3CC0F6BC}
	EndGlobalSection
EndGlobal
